
Microsoft Visual Studio Solution File, Format Version 12.00
# Visual Studio Version 16
VisualStudioVersion = 16.0.30717.126
MinimumVisualStudioVersion = 10.0.40219.1
Project("{FAE04EC0-301F-11D3-BF4B-00C04F79EFBC}") = "ConsoleAppTest", "ConsoleAppTest\ConsoleAppTest.csproj", "{40CF4B86-3F21-4C8D-904B-6A2F3B731F87}"
EndProject
Global
	GlobalSection(SolutionConfigurationPlatforms) = preSolution
		Debug|Any CPU = Debug|Any CPU
		Release|Any CPU = Release|Any CPU
	EndGlobalSection
	GlobalSection(ProjectConfigurationPlatforms) = postSolution
		{40CF4B86-3F21-4C8D-904B-6A2F3B731F87}.Debug|Any CPU.ActiveCfg = Debug|Any CPU
		{40CF4B86-3F21-4C8D-904B-6A2F3B731F87}.Debug|Any CPU.Build.0 = Debug|Any CPU
		{40CF4B86-3F21-4C8D-904B-6A2F3B731F87}.Release|Any CPU.ActiveCfg = Release|Any CPU
		{40CF4B86-3F21-4C8D-904B-6A2F3B731F87}.Release|Any CPU.Build.0 = Release|Any CPU
	EndGlobalSection
	GlobalSection(SolutionProperties) = preSolution
		HideSolutionNode = FALSE
	EndGlobalSection
	GlobalSection(ExtensibilityGlobals) = postSolution
		SolutionGuid = {F339CBF6-FE6A-4525-90D3-953643CA0574}
	EndGlobalSection
EndGlobal
